
Microsoft Visual Studio Solution File, Format Version 12.00
# Visual Studio Version 17
VisualStudioVersion = 17.3.32901.215
MinimumVisualStudioVersion = 10.0.40219.1
Project("{FAE04EC0-301F-11D3-BF4B-00C04F79EFBC}") = "holamundo", "holamundo\holamundo.csproj", "{7C9B4132-1E5A-4422-B117-1E1023C96606}"
EndProject
Global
	GlobalSection(SolutionConfigurationPlatforms) = preSolution
		Debug|Any CPU = Debug|Any CPU
		Release|Any CPU = Release|Any CPU
	EndGlobalSection
	GlobalSection(ProjectConfigurationPlatforms) = postSolution
		{7C9B4132-1E5A-4422-B117-1E1023C96606}.Debug|Any CPU.ActiveCfg = Debug|Any CPU
		{7C9B4132-1E5A-4422-B117-1E1023C96606}.Debug|Any CPU.Build.0 = Debug|Any CPU
		{7C9B4132-1E5A-4422-B117-1E1023C96606}.Release|Any CPU.ActiveCfg = Release|Any CPU
		{7C9B4132-1E5A-4422-B117-1E1023C96606}.Release|Any CPU.Build.0 = Release|Any CPU
	EndGlobalSection
	GlobalSection(SolutionProperties) = preSolution
		HideSolutionNode = FALSE
	EndGlobalSection
	GlobalSection(ExtensibilityGlobals) = postSolution
		SolutionGuid = {33ED2753-C582-4EAD-BC36-6A5D48B10268}
	EndGlobalSection
EndGlobal
